
Microsoft Visual Studio Solution File, Format Version 12.00
# Visual Studio Version 17
VisualStudioVersion = 17.14.36414.22 d17.14
MinimumVisualStudioVersion = 10.0.40219.1
Project("{FAE04EC0-301F-11D3-BF4B-00C04F79EFBC}") = "DisposableDemo", "DisposableDemo\DisposableDemo.csproj", "{EF1C8276-2F6C-42BA-9F4D-6372EA55C56B}"
EndProject
Global
	GlobalSection(SolutionConfigurationPlatforms) = preSolution
		Debug|Any CPU = Debug|Any CPU
		Release|Any CPU = Release|Any CPU
	EndGlobalSection
	GlobalSection(ProjectConfigurationPlatforms) = postSolution
		{EF1C8276-2F6C-42BA-9F4D-6372EA55C56B}.Debug|Any CPU.ActiveCfg = Debug|Any CPU
		{EF1C8276-2F6C-42BA-9F4D-6372EA55C56B}.Debug|Any CPU.Build.0 = Debug|Any CPU
		{EF1C8276-2F6C-42BA-9F4D-6372EA55C56B}.Release|Any CPU.ActiveCfg = Release|Any CPU
		{EF1C8276-2F6C-42BA-9F4D-6372EA55C56B}.Release|Any CPU.Build.0 = Release|Any CPU
	EndGlobalSection
	GlobalSection(SolutionProperties) = preSolution
		HideSolutionNode = FALSE
	EndGlobalSection
	GlobalSection(ExtensibilityGlobals) = postSolution
		SolutionGuid = {169F1FB0-3659-432C-9A3B-28B04BD0520D}
	EndGlobalSection
EndGlobal
